
Microsoft Visual Studio Solution File, Format Version 12.00
# Visual Studio Version 16
VisualStudioVersion = 25.0.1704.0
MinimumVisualStudioVersion = 10.0.40219.1
Project("{FAE04EC0-301F-11D3-BF4B-00C04F79EFBC}") = "TILApp", "TILApp\TILApp.csproj", "{2387B877-F0CA-442F-9B03-D660EB819612}"
EndProject
Project("{2150E333-8FDC-42A3-9474-1A3956D46DE8}") = "Solution Items", "Solution Items", "{47ED07DF-313F-4A51-903E-D3D3F27CCF35}"
	ProjectSection(SolutionItems) = preProject
		.editorconfig = .editorconfig
	EndProjectSection
EndProject
Project("{FAE04EC0-301F-11D3-BF4B-00C04F79EFBC}") = "TILAppBlazorSSR", "TILAppBlazorSSR\TILAppBlazorSSR.csproj", "{D62CABBB-D04F-4805-BD78-818636CE5EC3}"
EndProject
Project("{FAE04EC0-301F-11D3-BF4B-00C04F79EFBC}") = "TILAppMinimal", "TILAppMinimal\TILAppMinimal.csproj", "{C45F353E-5348-4E1A-828E-B7607431DD16}"
EndProject
Project("{FAE04EC0-301F-11D3-BF4B-00C04F79EFBC}") = "TILApp.test", "TILApp.test\TILApp.test.csproj", "{5E54AE34-32F2-4EB8-A649-62D2E0375B75}"
EndProject
	Global
	GlobalSection(SolutionConfigurationPlatforms) = preSolution
		Debug|Any CPU = Debug|Any CPU
		Release|Any CPU = Release|Any CPU
	EndGlobalSection
	GlobalSection(ProjectConfigurationPlatforms) = postSolution
		{2387B877-F0CA-442F-9B03-D660EB819612}.Debug|Any CPU.ActiveCfg = Debug|Any CPU
		{2387B877-F0CA-442F-9B03-D660EB819612}.Debug|Any CPU.Build.0 = Debug|Any CPU
		{2387B877-F0CA-442F-9B03-D660EB819612}.Release|Any CPU.ActiveCfg = Release|Any CPU
		{2387B877-F0CA-442F-9B03-D660EB819612}.Release|Any CPU.Build.0 = Release|Any CPU
		{D62CABBB-D04F-4805-BD78-818636CE5EC3}.Debug|Any CPU.ActiveCfg = Debug|Any CPU
		{D62CABBB-D04F-4805-BD78-818636CE5EC3}.Debug|Any CPU.Build.0 = Debug|Any CPU
		{D62CABBB-D04F-4805-BD78-818636CE5EC3}.Release|Any CPU.ActiveCfg = Release|Any CPU
		{D62CABBB-D04F-4805-BD78-818636CE5EC3}.Release|Any CPU.Build.0 = Release|Any CPU
		{C45F353E-5348-4E1A-828E-B7607431DD16}.Debug|Any CPU.ActiveCfg = Debug|Any CPU
		{C45F353E-5348-4E1A-828E-B7607431DD16}.Debug|Any CPU.Build.0 = Debug|Any CPU
		{C45F353E-5348-4E1A-828E-B7607431DD16}.Release|Any CPU.ActiveCfg = Release|Any CPU
		{C45F353E-5348-4E1A-828E-B7607431DD16}.Release|Any CPU.Build.0 = Release|Any CPU
		{AFF2631D-B3EB-4A3E-9C02-7AAB36427BCF}.Debug|Any CPU.ActiveCfg = Debug|Any CPU
		{AFF2631D-B3EB-4A3E-9C02-7AAB36427BCF}.Debug|Any CPU.Build.0 = Debug|Any CPU
		{AFF2631D-B3EB-4A3E-9C02-7AAB36427BCF}.Release|Any CPU.ActiveCfg = Release|Any CPU
		{AFF2631D-B3EB-4A3E-9C02-7AAB36427BCF}.Release|Any CPU.Build.0 = Release|Any CPU
		{5E54AE34-32F2-4EB8-A649-62D2E0375B75}.Debug|Any CPU.ActiveCfg = Debug|Any CPU
		{5E54AE34-32F2-4EB8-A649-62D2E0375B75}.Debug|Any CPU.Build.0 = Debug|Any CPU
		{5E54AE34-32F2-4EB8-A649-62D2E0375B75}.Release|Any CPU.ActiveCfg = Release|Any CPU
		{5E54AE34-32F2-4EB8-A649-62D2E0375B75}.Release|Any CPU.Build.0 = Release|Any CPU
	EndGlobalSection
	GlobalSection(SolutionProperties) = preSolution
		HideSolutionNode = FALSE
	EndGlobalSection
	GlobalSection(ExtensibilityGlobals) = postSolution
		SolutionGuid = {008C7A90-8C0D-4495-A48F-9A6A8C3818C8}
	EndGlobalSection
	GlobalSection(NestedProjects) = preSolution
	EndGlobalSection
	EndGlobal
